// !$*UTF8*$!
{
	archiveVersion = 1;
	classes = {
	};
	objectVersion = 50;
	objects = {

/* Begin PBXBuildFile section */
		221236A8263DA728007EA092 /* AppDelegate.swift in Sources */ = {isa = PBXBuildFile; fileRef = 221236A7263DA728007EA092 /* AppDelegate.swift */; };
		221236AA263DA728007EA092 /* SceneDelegate.swift in Sources */ = {isa = PBXBuildFile; fileRef = 221236A9263DA728007EA092 /* SceneDelegate.swift */; };
		221236AC263DA728007EA092 /* MWWController.swift in Sources */ = {isa = PBXBuildFile; fileRef = 221236AB263DA728007EA092 /* MWWController.swift */; };
		221236AF263DA728007EA092 /* Main.storyboard in Resources */ = {isa = PBXBuildFile; fileRef = 221236AD263DA728007EA092 /* Main.storyboard */; };
		221236B1263DA72A007EA092 /* Assets.xcassets in Resources */ = {isa = PBXBuildFile; fileRef = 221236B0263DA72A007EA092 /* Assets.xcassets */; };
		221236B4263DA72A007EA092 /* LaunchScreen.storyboard in Resources */ = {isa = PBXBuildFile; fileRef = 221236B2263DA72A007EA092 /* LaunchScreen.storyboard */; };
		221236BD263DA96A007EA092 /* RSSItem.swift in Sources */ = {isa = PBXBuildFile; fileRef = 221236BC263DA96A007EA092 /* RSSItem.swift */; };
		221236BF263DA98E007EA092 /* FeedParser.swift in Sources */ = {isa = PBXBuildFile; fileRef = 221236BE263DA98E007EA092 /* FeedParser.swift */; };
		221236C2263DAA32007EA092 /* MWWCell.swift in Sources */ = {isa = PBXBuildFile; fileRef = 221236C0263DAA32007EA092 /* MWWCell.swift */; };
		221236C3263DAA32007EA092 /* MWWCell.xib in Resources */ = {isa = PBXBuildFile; fileRef = 221236C1263DAA32007EA092 /* MWWCell.xib */; };
/* End PBXBuildFile section */

/* Begin PBXFileReference section */
		221236A4263DA728007EA092 /* MW Watcher.app */ = {isa = PBXFileReference; explicitFileType = wrapper.application; includeInIndex = 0; path = "MW Watcher.app"; sourceTree = BUILT_PRODUCTS_DIR; };
		221236A7263DA728007EA092 /* AppDelegate.swift */ = {isa = PBXFileReference; lastKnownFileType = sourcecode.swift; path = AppDelegate.swift; sourceTree = "<group>"; };
		221236A9263DA728007EA092 /* SceneDelegate.swift */ = {isa = PBXFileReference; lastKnownFileType = sourcecode.swift; path = SceneDelegate.swift; sourceTree = "<group>"; };
		221236AB263DA728007EA092 /* MWWController.swift */ = {isa = PBXFileReference; lastKnownFileType = sourcecode.swift; path = MWWController.swift; sourceTree = "<group>"; };
		221236AE263DA728007EA092 /* Base */ = {isa = PBXFileReference; lastKnownFileType = file.storyboard; name = Base; path = Base.lproj/Main.storyboard; sourceTree = "<group>"; };
		221236B0263DA72A007EA092 /* Assets.xcassets */ = {isa = PBXFileReference; lastKnownFileType = folder.assetcatalog; path = Assets.xcassets; sourceTree = "<group>"; };
		221236B3263DA72A007EA092 /* Base */ = {isa = PBXFileReference; lastKnownFileType = file.storyboard; name = Base; path = Base.lproj/LaunchScreen.storyboard; sourceTree = "<group>"; };
		221236B5263DA72A007EA092 /* Info.plist */ = {isa = PBXFileReference; lastKnownFileType = text.plist.xml; path = Info.plist; sourceTree = "<group>"; };
		221236BC263DA96A007EA092 /* RSSItem.swift */ = {isa = PBXFileReference; lastKnownFileType = sourcecode.swift; path = RSSItem.swift; sourceTree = "<group>"; };
		221236BE263DA98E007EA092 /* FeedParser.swift */ = {isa = PBXFileReference; lastKnownFileType = sourcecode.swift; path = FeedParser.swift; sourceTree = "<group>"; };
		221236C0263DAA32007EA092 /* MWWCell.swift */ = {isa = PBXFileReference; lastKnownFileType = sourcecode.swift; path = MWWCell.swift; sourceTree = "<group>"; };
		221236C1263DAA32007EA092 /* MWWCell.xib */ = {isa = PBXFileReference; lastKnownFileType = file.xib; path = MWWCell.xib; sourceTree = "<group>"; };
/* End PBXFileReference section */

/* Begin PBXFrameworksBuildPhase section */
		221236A1263DA728007EA092 /* Frameworks */ = {
			isa = PBXFrameworksBuildPhase;
			buildActionMask = 2147483647;
			files = (
			);
			runOnlyForDeploymentPostprocessing = 0;
		};
/* End PBXFrameworksBuildPhase section */

/* Begin PBXGroup section */
		2212369B263DA728007EA092 = {
			isa = PBXGroup;
			children = (
				221236A6263DA728007EA092 /* MW Watcher */,
				221236A5263DA728007EA092 /* Products */,
			);
			sourceTree = "<group>";
		};
		221236A5263DA728007EA092 /* Products */ = {
			isa = PBXGroup;
			children = (
				221236A4263DA728007EA092 /* MW Watcher.app */,
			);
			name = Products;
			sourceTree = "<group>";
		};
		221236A6263DA728007EA092 /* MW Watcher */ = {
			isa = PBXGroup;
			children = (
				221236CA263DAA99007EA092 /* Support */,
				221236BB263DA94E007EA092 /* Model */,
				221236C8263DAA6B007EA092 /* View */,
				221236C9263DAA85007EA092 /* Controller */,
			);
			path = "MW Watcher";
			sourceTree = "<group>";
		};
		221236BB263DA94E007EA092 /* Model */ = {
			isa = PBXGroup;
			children = (
				221236BC263DA96A007EA092 /* RSSItem.swift */,
				221236BE263DA98E007EA092 /* FeedParser.swift */,
			);
			name = Model;
			sourceTree = "<group>";
		};
		221236C8263DAA6B007EA092 /* View */ = {
			isa = PBXGroup;
			children = (
				221236AD263DA728007EA092 /* Main.storyboard */,
				221236C0263DAA32007EA092 /* MWWCell.swift */,
				221236C1263DAA32007EA092 /* MWWCell.xib */,
			);
			name = View;
			sourceTree = "<group>";
		};
		221236C9263DAA85007EA092 /* Controller */ = {
			isa = PBXGroup;
			children = (
				221236AB263DA728007EA092 /* MWWController.swift */,
			);
			name = Controller;
			sourceTree = "<group>";
		};
		221236CA263DAA99007EA092 /* Support */ = {
			isa = PBXGroup;
			children = (
				221236A7263DA728007EA092 /* AppDelegate.swift */,
				221236A9263DA728007EA092 /* SceneDelegate.swift */,
				221236B0263DA72A007EA092 /* Assets.xcassets */,
				221236B2263DA72A007EA092 /* LaunchScreen.storyboard */,
				221236B5263DA72A007EA092 /* Info.plist */,
			);
			name = Support;
			sourceTree = "<group>";
		};
/* End PBXGroup section */

/* Begin PBXNativeTarget section */
		221236A3263DA728007EA092 /* MW Watcher */ = {
			isa = PBXNativeTarget;
			buildConfigurationList = 221236B8263DA72A007EA092 /* Build configuration list for PBXNativeTarget "MW Watcher" */;
			buildPhases = (
				221236A0263DA728007EA092 /* Sources */,
				221236A1263DA728007EA092 /* Frameworks */,
				221236A2263DA728007EA092 /* Resources */,
			);
			buildRules = (
			);
			dependencies = (
			);
			name = "MW Watcher";
			productName = "MW Watcher";
			productReference = 221236A4263DA728007EA092 /* MW Watcher.app */;
			productType = "com.apple.product-type.application";
		};
/* End PBXNativeTarget section */

/* Begin PBXProject section */
		2212369C263DA728007EA092 /* Project object */ = {
			isa = PBXProject;
			attributes = {
				LastSwiftUpdateCheck = 1250;
				LastUpgradeCheck = 1250;
				TargetAttributes = {
					221236A3263DA728007EA092 = {
						CreatedOnToolsVersion = 12.5;
					};
				};
			};
			buildConfigurationList = 2212369F263DA728007EA092 /* Build configuration list for PBXProject "MW Watcher" */;
			compatibilityVersion = "Xcode 9.3";
			developmentRegion = en;
			hasScannedForEncodings = 0;
			knownRegions = (
				en,
				Base,
			);
			mainGroup = 2212369B263DA728007EA092;
			productRefGroup = 221236A5263DA728007EA092 /* Products */;
			projectDirPath = "";
			projectRoot = "";
			targets = (
				221236A3263DA728007EA092 /* MW Watcher */,
			);
		};
/* End PBXProject section */

/* Begin PBXResourcesBuildPhase section */
		221236A2263DA728007EA092 /* Resources */ = {
			isa = PBXResourcesBuildPhase;
			buildActionMask = 2147483647;
			files = (
				221236B4263DA72A007EA092 /* LaunchScreen.storyboard in Resources */,
				221236B1263DA72A007EA092 /* Assets.xcassets in Resources */,
				221236AF263DA728007EA092 /* Main.storyboard in Resources */,
				221236C3263DAA32007EA092 /* MWWCell.xib in Resources */,
			);
			runOnlyForDeploymentPostprocessing = 0;
		};
/* End PBXResourcesBuildPhase section */

/* Begin PBXSourcesBuildPhase section */
		221236A0263DA728007EA092 /* Sources */ = {
			isa = PBXSourcesBuildPhase;
			buildActionMask = 2147483647;
			files = (
				221236AC263DA728007EA092 /* MWWController.swift in Sources */,
				221236A8263DA728007EA092 /* AppDelegate.swift in Sources */,
				221236AA263DA728007EA092 /* SceneDelegate.swift in Sources */,
				221236BD263DA96A007EA092 /* RSSItem.swift in Sources */,
				221236BF263DA98E007EA092 /* FeedParser.swift in Sources */,
				221236C2263DAA32007EA092 /* MWWCell.swift in Sources */,
			);
			runOnlyForDeploymentPostprocessing = 0;
		};
/* End PBXSourcesBuildPhase section */

/* Begin PBXVariantGroup section */
		221236AD263DA728007EA092 /* Main.storyboard */ = {
			isa = PBXVariantGroup;
			children = (
				221236AE263DA728007EA092 /* Base */,
			);
			name = Main.storyboard;
			sourceTree = "<group>";
		};
		221236B2263DA72A007EA092 /* LaunchScreen.storyboard */ = {
			isa = PBXVariantGroup;
			children = (
				221236B3263DA72A007EA092 /* Base */,
			);
			name = LaunchScreen.storyboard;
			sourceTree = "<group>";
		};
/* End PBXVariantGroup section */

/* Begin XCBuildConfiguration section */
		221236B6263DA72A007EA092 /* Debug */ = {
			isa = XCBuildConfiguration;
			buildSettings = {
				ALWAYS_SEARCH_USER_PATHS = NO;
				CLANG_ANALYZER_NONNULL = YES;
				CLANG_ANALYZER_NUMBER_OBJECT_CONVERSION = YES_AGGRESSIVE;
				CLANG_CXX_LANGUAGE_STANDARD = "gnu++14";
				CLANG_CXX_LIBRARY = "libc++";
				CLANG_ENABLE_MODULES = YES;
				CLANG_ENABLE_OBJC_ARC = YES;
				CLANG_ENABLE_OBJC_WEAK = YES;
				CLANG_WARN_BLOCK_CAPTURE_AUTORELEASING = YES;
				CLANG_WARN_BOOL_CONVERSION = YES;
				CLANG_WARN_COMMA = YES;
				CLANG_WARN_CONSTANT_CONVERSION = YES;
				CLANG_WARN_DEPRECATED_OBJC_IMPLEMENTATIONS = YES;
				CLANG_WARN_DIRECT_OBJC_ISA_USAGE = YES_ERROR;
				CLANG_WARN_DOCUMENTATION_COMMENTS = YES;
				CLANG_WARN_EMPTY_BODY = YES;
				CLANG_WARN_ENUM_CONVERSION = YES;
				CLANG_WARN_INFINITE_RECURSION = YES;
				CLANG_WARN_INT_CONVERSION = YES;
				CLANG_WARN_NON_LITERAL_NULL_CONVERSION = YES;
				CLANG_WARN_OBJC_IMPLICIT_RETAIN_SELF = YES;
				CLANG_WARN_OBJC_LITERAL_CONVERSION = YES;
				CLANG_WARN_OBJC_ROOT_CLASS = YES_ERROR;
				CLANG_WARN_QUOTED_INCLUDE_IN_FRAMEWORK_HEADER = YES;
				CLANG_WARN_RANGE_LOOP_ANALYSIS = YES;
				CLANG_WARN_STRICT_PROTOTYPES = YES;
				CLANG_WARN_SUSPICIOUS_MOVE = YES;
				CLANG_WARN_UNGUARDED_AVAILABILITY = YES_AGGRESSIVE;
				CLANG_WARN_UNREACHABLE_CODE = YES;
				CLANG_WARN__DUPLICATE_METHOD_MATCH = YES;
				COPY_PHASE_STRIP = NO;
				DEBUG_INFORMATION_FORMAT = dwarf;
				ENABLE_STRICT_OBJC_MSGSEND = YES;
				ENABLE_TESTABILITY = YES;
				GCC_C_LANGUAGE_STANDARD = gnu11;
				GCC_DYNAMIC_NO_PIC = NO;
				GCC_NO_COMMON_BLOCKS = YES;
				GCC_OPTIMIZATION_LEVEL = 0;
				GCC_PREPROCESSOR_DEFINITIONS = (
					"DEBUG=1",
					"$(inherited)",
				);
				GCC_WARN_64_TO_32_BIT_CONVERSION = YES;
				GCC_WARN_ABOUT_RETURN_TYPE = YES_ERROR;
				GCC_WARN_UNDECLARED_SELECTOR = YES;
				GCC_WARN_UNINITIALIZED_AUTOS = YES_AGGRESSIVE;
				GCC_WARN_UNUSED_FUNCTION = YES;
				GCC_WARN_UNUSED_VARIABLE = YES;
				IPHONEOS_DEPLOYMENT_TARGET = 14.5;
				MTL_ENABLE_DEBUG_INFO = INCLUDE_SOURCE;
				MTL_FAST_MATH = YES;
				ONLY_ACTIVE_ARCH = YES;
				SDKROOT = iphoneos;
				SWIFT_ACTIVE_COMPILATION_CONDITIONS = DEBUG;
				SWIFT_OPTIMIZATION_LEVEL = "-Onone";
			};
			name = Debug;
		};
		221236B7263DA72A007EA092 /* Release */ = {
			isa = XCBuildConfiguration;
			buildSettings = {
				ALWAYS_SEARCH_USER_PATHS = NO;
				CLANG_ANALYZER_NONNULL = YES;
				CLANG_ANALYZER_NUMBER_OBJECT_CONVERSION = YES_AGGRESSIVE;
				CLANG_CXX_LANGUAGE_STANDARD = "gnu++14";
				CLANG_CXX_LIBRARY = "libc++";
				CLANG_ENABLE_MODULES = YES;
				CLANG_ENABLE_OBJC_ARC = YES;
				CLANG_ENABLE_OBJC_WEAK = YES;
				CLANG_WARN_BLOCK_CAPTURE_AUTORELEASING = YES;
				CLANG_WARN_BOOL_CONVERSION = YES;
				CLANG_WARN_COMMA = YES;
				CLANG_WARN_CONSTANT_CONVERSION = YES;
				CLANG_WARN_DEPRECATED_OBJC_IMPLEMENTATIONS = YES;
				CLANG_WARN_DIRECT_OBJC_ISA_USAGE = YES_ERROR;
				CLANG_WARN_DOCUMENTATION_COMMENTS = YES;
				CLANG_WARN_EMPTY_BODY = YES;
				CLANG_WARN_ENUM_CONVERSION = YES;
				CLANG_WARN_INFINITE_RECURSION = YES;
				CLANG_WARN_INT_CONVERSION = YES;
				CLANG_WARN_NON_LITERAL_NULL_CONVERSION = YES;
				CLANG_WARN_OBJC_IMPLICIT_RETAIN_SELF = YES;
				CLANG_WARN_OBJC_LITERAL_CONVERSION = YES;
				CLANG_WARN_OBJC_ROOT_CLASS = YES_ERROR;
				CLANG_WARN_QUOTED_INCLUDE_IN_FRAMEWORK_HEADER = YES;
				CLANG_WARN_RANGE_LOOP_ANALYSIS = YES;
				CLANG_WARN_STRICT_PROTOTYPES = YES;
				CLANG_WARN_SUSPICIOUS_MOVE = YES;
				CLANG_WARN_UNGUARDED_AVAILABILITY = YES_AGGRESSIVE;
				CLANG_WARN_UNREACHABLE_CODE = YES;
				CLANG_WARN__DUPLICATE_METHOD_MATCH = YES;
				COPY_PHASE_STRIP = NO;
				DEBUG_INFORMATION_FORMAT = "dwarf-with-dsym";
				ENABLE_NS_ASSERTIONS = NO;
				ENABLE_STRICT_OBJC_MSGSEND = YES;
				GCC_C_LANGUAGE_STANDARD = gnu11;
				GCC_NO_COMMON_BLOCKS = YES;
				GCC_WARN_64_TO_32_BIT_CONVERSION = YES;
				GCC_WARN_ABOUT_RETURN_TYPE = YES_ERROR;
				GCC_WARN_UNDECLARED_SELECTOR = YES;
				GCC_WARN_UNINITIALIZED_AUTOS = YES_AGGRESSIVE;
				GCC_WARN_UNUSED_FUNCTION = YES;
				GCC_WARN_UNUSED_VARIABLE = YES;
				IPHONEOS_DEPLOYMENT_TARGET = 14.5;
				MTL_ENABLE_DEBUG_INFO = NO;
				MTL_FAST_MATH = YES;
				SDKROOT = iphoneos;
				SWIFT_COMPILATION_MODE = wholemodule;
				SWIFT_OPTIMIZATION_LEVEL = "-O";
				VALIDATE_PRODUCT = YES;
			};
			name = Release;
		};
		221236B9263DA72A007EA092 /* Debug */ = {
			isa = XCBuildConfiguration;
			buildSettings = {
				ASSETCATALOG_COMPILER_APPICON_NAME = AppIcon;
				ASSETCATALOG_COMPILER_GLOBAL_ACCENT_COLOR_NAME = AccentColor;
				CODE_SIGN_STYLE = Automatic;
				DEVELOPMENT_TEAM = SJK4QJY486;
				INFOPLIST_FILE = "MW Watcher/Info.plist";
				LD_RUNPATH_SEARCH_PATHS = (
					"$(inherited)",
					"@executable_path/Frameworks",
				);
				MARKETING_VERSION = 1.0.0;
				PRODUCT_BUNDLE_IDENTIFIER = "com.jdev.MW-Watcher";
				PRODUCT_NAME = "$(TARGET_NAME)";
				SWIFT_VERSION = 5.0;
				TARGETED_DEVICE_FAMILY = 1;
			};
			name = Debug;
		};
		221236BA263DA72A007EA092 /* Release */ = {
			isa = XCBuildConfiguration;
			buildSettings = {
				ASSETCATALOG_COMPILER_APPICON_NAME = AppIcon;
				ASSETCATALOG_COMPILER_GLOBAL_ACCENT_COLOR_NAME = AccentColor;
				CODE_SIGN_STYLE = Automatic;
				DEVELOPMENT_TEAM = SJK4QJY486;
				INFOPLIST_FILE = "MW Watcher/Info.plist";
				LD_RUNPATH_SEARCH_PATHS = (
					"$(inherited)",
					"@executable_path/Frameworks",
				);
				MARKETING_VERSION = 1.0.0;
				PRODUCT_BUNDLE_IDENTIFIER = "com.jdev.MW-Watcher";
				PRODUCT_NAME = "$(TARGET_NAME)";
				SWIFT_VERSION = 5.0;
				TARGETED_DEVICE_FAMILY = 1;
			};
			name = Release;
		};
/* End XCBuildConfiguration section */

/* Begin XCConfigurationList section */
		2212369F263DA728007EA092 /* Build configuration list for PBXProject "MW Watcher" */ = {
			isa = XCConfigurationList;
			buildConfigurations = (
				221236B6263DA72A007EA092 /* Debug */,
				221236B7263DA72A007EA092 /* Release */,
			);
			defaultConfigurationIsVisible = 0;
			defaultConfigurationName = Release;
		};
		221236B8263DA72A007EA092 /* Build configuration list for PBXNativeTarget "MW Watcher" */ = {
			isa = XCConfigurationList;
			buildConfigurations = (
				221236B9263DA72A007EA092 /* Debug */,
				221236BA263DA72A007EA092 /* Release */,
			);
			defaultConfigurationIsVisible = 0;
			defaultConfigurationName = Release;
		};
/* End XCConfigurationList section */
	};
	rootObject = 2212369C263DA728007EA092 /* Project object */;
}
