{
  "originHash" : "a35104c01fbbb6b64ccd6ff2297b43ab842b79de9652cd02737306da8b1ee843",
  "pins" : [
    {
      "identity" : "ampoptip",
      "kind" : "remoteSourceControl",
      "location" : "https://github.com/andreamazz/AMPopTip",
      "state" : {
        "revision" : "db495eea0747a3493ca8b3c737d037c0090973db",
        "version" : "4.12.0"
      }
    },
    {
      "identity" : "swift-algorithms",
      "kind" : "remoteSourceControl",
      "location" : "https://github.com/apple/swift-algorithms.git",
      "state" : {
        "revision" : "87e50f483c54e6efd60e885f7f5aa946cee68023",
        "version" : "1.2.1"
      }
    },
    {
      "identity" : "swift-numerics",
      "kind" : "remoteSourceControl",
      "location" : "https://github.com/apple/swift-numerics.git",
      "state" : {
        "revision" : "e0ec0f5f3af6f3e4d5e7a19d2af26b481acb6ba8",
        "version" : "1.0.3"
      }
    }
  ],
  "version" : 3
}
